// !$*UTF8*$!
{
	archiveVersion = 1;
	classes = {
	};
	objectVersion = 50;
	objects = {

/* Begin PBXBuildFile section */
		03036F8A9FDC7EE1150BF130 /* Pods_MovieatorTests.framework in Frameworks */ = {isa = PBXBuildFile; fileRef = 7B2DDD56E21CD4F6316ACC14 /* Pods_MovieatorTests.framework */; };
		4895F2D820A59BF0003A83AA /* ResponseError.swift in Sources */ = {isa = PBXBuildFile; fileRef = 4895F2D720A59BF0003A83AA /* ResponseError.swift */; };
		48DBE50720A42B0F00572B73 /* MovieatorTests.swift in Sources */ = {isa = PBXBuildFile; fileRef = 48DBE50620A42B0F00572B73 /* MovieatorTests.swift */; };
		48DBE52320A42CBD00572B73 /* AppDelegate.swift in Sources */ = {isa = PBXBuildFile; fileRef = 48DBE51420A42CBD00572B73 /* AppDelegate.swift */; };
		48DBE52420A42CBD00572B73 /* Assets.xcassets in Resources */ = {isa = PBXBuildFile; fileRef = 48DBE51B20A42CBD00572B73 /* Assets.xcassets */; };
		48DBE52520A42CBD00572B73 /* Info.plist in Resources */ = {isa = PBXBuildFile; fileRef = 48DBE51C20A42CBD00572B73 /* Info.plist */; };
		48DBE52720A4349E00572B73 /* movie_ids.txt in Resources */ = {isa = PBXBuildFile; fileRef = 48DBE52620A4349E00572B73 /* movie_ids.txt */; };
		48DBE53120A450FF00572B73 /* MovieFetcher.swift in Sources */ = {isa = PBXBuildFile; fileRef = 48DBE53020A450FF00572B73 /* MovieFetcher.swift */; };
		48DBE53320A4516700572B73 /* Movie.swift in Sources */ = {isa = PBXBuildFile; fileRef = 48DBE53220A4516700572B73 /* Movie.swift */; };
		5E5EDBD4C88821AC9A311787 /* Pods_Movieator.framework in Frameworks */ = {isa = PBXBuildFile; fileRef = 92B7BD7731B349FFE410AA21 /* Pods_Movieator.framework */; };
		F5337BEA20B309F3004C6E77 /* SavedMoviesManager.swift in Sources */ = {isa = PBXBuildFile; fileRef = F5337BE920B309F3004C6E77 /* SavedMoviesManager.swift */; };
		F5337BEC20B30F48004C6E77 /* SavedMovie.swift in Sources */ = {isa = PBXBuildFile; fileRef = F5337BEB20B30F48004C6E77 /* SavedMovie.swift */; };
		F551A9F920C5639F00B33756 /* EnumCollection.swift in Sources */ = {isa = PBXBuildFile; fileRef = F551A9F820C5639F00B33756 /* EnumCollection.swift */; };
		F551A9FF20C5893900B33756 /* MovieSearchViewControllerDelegate.swift in Sources */ = {isa = PBXBuildFile; fileRef = F551A9FE20C5893900B33756 /* MovieSearchViewControllerDelegate.swift */; };
		F555BDB720AAEE43004466D3 /* MovieListViewController.swift in Sources */ = {isa = PBXBuildFile; fileRef = F555BDB620AAEE43004466D3 /* MovieListViewController.swift */; };
		F555F12220C2B345009CA3E6 /* GenreMovieGrouping.swift in Sources */ = {isa = PBXBuildFile; fileRef = F555F12120C2B345009CA3E6 /* GenreMovieGrouping.swift */; };
		F555F12420C2B415009CA3E6 /* GenreMovieGroupingManager.swift in Sources */ = {isa = PBXBuildFile; fileRef = F555F12320C2B415009CA3E6 /* GenreMovieGroupingManager.swift */; };
		F555F12820C2CA77009CA3E6 /* MovieListHeaderView.swift in Sources */ = {isa = PBXBuildFile; fileRef = F555F12720C2CA77009CA3E6 /* MovieListHeaderView.swift */; };
		F566D9E620BE8EA200B1D197 /* UIAlertController-Movieator.swift in Sources */ = {isa = PBXBuildFile; fileRef = F566D9E520BE8EA200B1D197 /* UIAlertController-Movieator.swift */; };
		F585701120A47CA600A6E98F /* PreparationViewController.swift in Sources */ = {isa = PBXBuildFile; fileRef = F585701020A47CA600A6E98F /* PreparationViewController.swift */; };
		F585701320A47CCB00A6E98F /* Main.storyboard in Resources */ = {isa = PBXBuildFile; fileRef = F585701220A47CCB00A6E98F /* Main.storyboard */; };
		F585701920A5E67C00A6E98F /* DataController.swift in Sources */ = {isa = PBXBuildFile; fileRef = F585701820A5E67C00A6E98F /* DataController.swift */; };
		F5AB6D0F20AC1A620084DE49 /* MovieCollectionViewCell.swift in Sources */ = {isa = PBXBuildFile; fileRef = F5AB6D0E20AC1A620084DE49 /* MovieCollectionViewCell.swift */; };
		F5AB6D1120AC347C0084DE49 /* MoviePosterFetcher.swift in Sources */ = {isa = PBXBuildFile; fileRef = F5AB6D1020AC347C0084DE49 /* MoviePosterFetcher.swift */; };
		F5AB6D1320AC78EB0084DE49 /* MovieDetailsViewController.swift in Sources */ = {isa = PBXBuildFile; fileRef = F5AB6D1220AC78EB0084DE49 /* MovieDetailsViewController.swift */; };
		F5AB6D1520AC7EFA0084DE49 /* UserProfileViewController.swift in Sources */ = {isa = PBXBuildFile; fileRef = F5AB6D1420AC7EFA0084DE49 /* UserProfileViewController.swift */; };
		F5FD545C20AD6E5800506C50 /* MovieSearchViewController.swift in Sources */ = {isa = PBXBuildFile; fileRef = F5FD545B20AD6E5800506C50 /* MovieSearchViewController.swift */; };
/* End PBXBuildFile section */

/* Begin PBXContainerItemProxy section */
		48DBE50320A42B0F00572B73 /* PBXContainerItemProxy */ = {
			isa = PBXContainerItemProxy;
			containerPortal = 48DBE4E620A42B0E00572B73 /* Project object */;
			proxyType = 1;
			remoteGlobalIDString = 48DBE4ED20A42B0E00572B73;
			remoteInfo = Movieator;
		};
/* End PBXContainerItemProxy section */

/* Begin PBXFileReference section */
		27376F7B448E291718A6AECC /* Pods-Movieator.release.xcconfig */ = {isa = PBXFileReference; includeInIndex = 1; lastKnownFileType = text.xcconfig; name = "Pods-Movieator.release.xcconfig"; path = "Pods/Target Support Files/Pods-Movieator/Pods-Movieator.release.xcconfig"; sourceTree = "<group>"; };
		4895F2D720A59BF0003A83AA /* ResponseError.swift */ = {isa = PBXFileReference; lastKnownFileType = sourcecode.swift; path = ResponseError.swift; sourceTree = "<group>"; };
		48DBE4EE20A42B0E00572B73 /* Movieator.app */ = {isa = PBXFileReference; explicitFileType = wrapper.application; includeInIndex = 0; path = Movieator.app; sourceTree = BUILT_PRODUCTS_DIR; };
		48DBE50220A42B0F00572B73 /* MovieatorTests.xctest */ = {isa = PBXFileReference; explicitFileType = wrapper.cfbundle; includeInIndex = 0; path = MovieatorTests.xctest; sourceTree = BUILT_PRODUCTS_DIR; };
		48DBE50620A42B0F00572B73 /* MovieatorTests.swift */ = {isa = PBXFileReference; lastKnownFileType = sourcecode.swift; path = MovieatorTests.swift; sourceTree = "<group>"; };
		48DBE50820A42B0F00572B73 /* Info.plist */ = {isa = PBXFileReference; lastKnownFileType = text.plist.xml; path = Info.plist; sourceTree = "<group>"; };
		48DBE51420A42CBD00572B73 /* AppDelegate.swift */ = {isa = PBXFileReference; fileEncoding = 4; lastKnownFileType = sourcecode.swift; path = AppDelegate.swift; sourceTree = "<group>"; };
		48DBE51B20A42CBD00572B73 /* Assets.xcassets */ = {isa = PBXFileReference; lastKnownFileType = folder.assetcatalog; path = Assets.xcassets; sourceTree = "<group>"; };
		48DBE51C20A42CBD00572B73 /* Info.plist */ = {isa = PBXFileReference; fileEncoding = 4; lastKnownFileType = text.plist.xml; path = Info.plist; sourceTree = "<group>"; };
		48DBE52620A4349E00572B73 /* movie_ids.txt */ = {isa = PBXFileReference; fileEncoding = 4; lastKnownFileType = text; path = movie_ids.txt; sourceTree = "<group>"; };
		48DBE53020A450FF00572B73 /* MovieFetcher.swift */ = {isa = PBXFileReference; lastKnownFileType = sourcecode.swift; path = MovieFetcher.swift; sourceTree = "<group>"; };
		48DBE53220A4516700572B73 /* Movie.swift */ = {isa = PBXFileReference; lastKnownFileType = sourcecode.swift; path = Movie.swift; sourceTree = "<group>"; };
		7B2DDD56E21CD4F6316ACC14 /* Pods_MovieatorTests.framework */ = {isa = PBXFileReference; explicitFileType = wrapper.framework; includeInIndex = 0; path = Pods_MovieatorTests.framework; sourceTree = BUILT_PRODUCTS_DIR; };
		92B7BD7731B349FFE410AA21 /* Pods_Movieator.framework */ = {isa = PBXFileReference; explicitFileType = wrapper.framework; includeInIndex = 0; path = Pods_Movieator.framework; sourceTree = BUILT_PRODUCTS_DIR; };
		985F4ED202B1C0C630D83045 /* Pods-MovieatorTests.release.xcconfig */ = {isa = PBXFileReference; includeInIndex = 1; lastKnownFileType = text.xcconfig; name = "Pods-MovieatorTests.release.xcconfig"; path = "Pods/Target Support Files/Pods-MovieatorTests/Pods-MovieatorTests.release.xcconfig"; sourceTree = "<group>"; };
		C1EC2AED1CFB4F13C4D2D22E /* Pods-Movieator.debug.xcconfig */ = {isa = PBXFileReference; includeInIndex = 1; lastKnownFileType = text.xcconfig; name = "Pods-Movieator.debug.xcconfig"; path = "Pods/Target Support Files/Pods-Movieator/Pods-Movieator.debug.xcconfig"; sourceTree = "<group>"; };
		F5337BE920B309F3004C6E77 /* SavedMoviesManager.swift */ = {isa = PBXFileReference; lastKnownFileType = sourcecode.swift; path = SavedMoviesManager.swift; sourceTree = "<group>"; };
		F5337BEB20B30F48004C6E77 /* SavedMovie.swift */ = {isa = PBXFileReference; lastKnownFileType = sourcecode.swift; path = SavedMovie.swift; sourceTree = "<group>"; };
		F551A9F820C5639F00B33756 /* EnumCollection.swift */ = {isa = PBXFileReference; lastKnownFileType = sourcecode.swift; path = EnumCollection.swift; sourceTree = "<group>"; };
		F551A9FE20C5893900B33756 /* MovieSearchViewControllerDelegate.swift */ = {isa = PBXFileReference; lastKnownFileType = sourcecode.swift; path = MovieSearchViewControllerDelegate.swift; sourceTree = "<group>"; };
		F555BDB620AAEE43004466D3 /* MovieListViewController.swift */ = {isa = PBXFileReference; lastKnownFileType = sourcecode.swift; path = MovieListViewController.swift; sourceTree = "<group>"; };
		F555F12120C2B345009CA3E6 /* GenreMovieGrouping.swift */ = {isa = PBXFileReference; lastKnownFileType = sourcecode.swift; path = GenreMovieGrouping.swift; sourceTree = "<group>"; };
		F555F12320C2B415009CA3E6 /* GenreMovieGroupingManager.swift */ = {isa = PBXFileReference; lastKnownFileType = sourcecode.swift; path = GenreMovieGroupingManager.swift; sourceTree = "<group>"; };
		F555F12720C2CA77009CA3E6 /* MovieListHeaderView.swift */ = {isa = PBXFileReference; lastKnownFileType = sourcecode.swift; path = MovieListHeaderView.swift; sourceTree = "<group>"; };
		F566D9E520BE8EA200B1D197 /* UIAlertController-Movieator.swift */ = {isa = PBXFileReference; lastKnownFileType = sourcecode.swift; path = "UIAlertController-Movieator.swift"; sourceTree = "<group>"; };
		F585701020A47CA600A6E98F /* PreparationViewController.swift */ = {isa = PBXFileReference; lastKnownFileType = sourcecode.swift; path = PreparationViewController.swift; sourceTree = "<group>"; };
		F585701220A47CCB00A6E98F /* Main.storyboard */ = {isa = PBXFileReference; lastKnownFileType = file.storyboard; path = Main.storyboard; sourceTree = "<group>"; };
		F585701820A5E67C00A6E98F /* DataController.swift */ = {isa = PBXFileReference; lastKnownFileType = sourcecode.swift; path = DataController.swift; sourceTree = "<group>"; };
		F5AB6D0E20AC1A620084DE49 /* MovieCollectionViewCell.swift */ = {isa = PBXFileReference; lastKnownFileType = sourcecode.swift; path = MovieCollectionViewCell.swift; sourceTree = "<group>"; };
		F5AB6D1020AC347C0084DE49 /* MoviePosterFetcher.swift */ = {isa = PBXFileReference; lastKnownFileType = sourcecode.swift; path = MoviePosterFetcher.swift; sourceTree = "<group>"; };
		F5AB6D1220AC78EB0084DE49 /* MovieDetailsViewController.swift */ = {isa = PBXFileReference; lastKnownFileType = sourcecode.swift; path = MovieDetailsViewController.swift; sourceTree = "<group>"; };
		F5AB6D1420AC7EFA0084DE49 /* UserProfileViewController.swift */ = {isa = PBXFileReference; lastKnownFileType = sourcecode.swift; path = UserProfileViewController.swift; sourceTree = "<group>"; };
		F5F9105AF06E74B8539CA626 /* Pods-MovieatorTests.debug.xcconfig */ = {isa = PBXFileReference; includeInIndex = 1; lastKnownFileType = text.xcconfig; name = "Pods-MovieatorTests.debug.xcconfig"; path = "Pods/Target Support Files/Pods-MovieatorTests/Pods-MovieatorTests.debug.xcconfig"; sourceTree = "<group>"; };
		F5FD545B20AD6E5800506C50 /* MovieSearchViewController.swift */ = {isa = PBXFileReference; lastKnownFileType = sourcecode.swift; path = MovieSearchViewController.swift; sourceTree = "<group>"; };
/* End PBXFileReference section */

/* Begin PBXFrameworksBuildPhase section */
		48DBE4EB20A42B0E00572B73 /* Frameworks */ = {
			isa = PBXFrameworksBuildPhase;
			buildActionMask = 2147483647;
			files = (
				5E5EDBD4C88821AC9A311787 /* Pods_Movieator.framework in Frameworks */,
			);
			runOnlyForDeploymentPostprocessing = 0;
		};
		48DBE4FF20A42B0F00572B73 /* Frameworks */ = {
			isa = PBXFrameworksBuildPhase;
			buildActionMask = 2147483647;
			files = (
				03036F8A9FDC7EE1150BF130 /* Pods_MovieatorTests.framework in Frameworks */,
			);
			runOnlyForDeploymentPostprocessing = 0;
		};
/* End PBXFrameworksBuildPhase section */

/* Begin PBXGroup section */
		3C2ABD453F352C47AA4D86EB /* Pods */ = {
			isa = PBXGroup;
			children = (
				C1EC2AED1CFB4F13C4D2D22E /* Pods-Movieator.debug.xcconfig */,
				27376F7B448E291718A6AECC /* Pods-Movieator.release.xcconfig */,
				F5F9105AF06E74B8539CA626 /* Pods-MovieatorTests.debug.xcconfig */,
				985F4ED202B1C0C630D83045 /* Pods-MovieatorTests.release.xcconfig */,
			);
			name = Pods;
			sourceTree = "<group>";
		};
		48DBE4E520A42B0E00572B73 = {
			isa = PBXGroup;
			children = (
				48DBE4F020A42B0E00572B73 /* Movieator */,
				48DBE50520A42B0F00572B73 /* MovieatorTests */,
				48DBE4EF20A42B0E00572B73 /* Products */,
				3C2ABD453F352C47AA4D86EB /* Pods */,
				566B6634227B91881F87DA72 /* Frameworks */,
			);
			sourceTree = "<group>";
		};
		48DBE4EF20A42B0E00572B73 /* Products */ = {
			isa = PBXGroup;
			children = (
				48DBE4EE20A42B0E00572B73 /* Movieator.app */,
				48DBE50220A42B0F00572B73 /* MovieatorTests.xctest */,
			);
			name = Products;
			sourceTree = "<group>";
		};
		48DBE4F020A42B0E00572B73 /* Movieator */ = {
			isa = PBXGroup;
			children = (
				48DBE51820A42CBD00572B73 /* Storyboards */,
				48DBE51120A42CBD00572B73 /* App */,
				48DBE51D20A42CBD00572B73 /* Common */,
				48DBE51920A42CBD00572B73 /* Resources */,
			);
			path = Movieator;
			sourceTree = "<group>";
		};
		48DBE50520A42B0F00572B73 /* MovieatorTests */ = {
			isa = PBXGroup;
			children = (
				48DBE50620A42B0F00572B73 /* MovieatorTests.swift */,
				48DBE50820A42B0F00572B73 /* Info.plist */,
			);
			path = MovieatorTests;
			sourceTree = "<group>";
		};
		48DBE51120A42CBD00572B73 /* App */ = {
			isa = PBXGroup;
			children = (
				48DBE51420A42CBD00572B73 /* AppDelegate.swift */,
				48DBE51220A42CBD00572B73 /* User profile */,
				48DBE51320A42CBD00572B73 /* Movie list */,
				48DBE51520A42CBD00572B73 /* Movie search */,
				48DBE51620A42CBD00572B73 /* Preparation */,
				48DBE51720A42CBD00572B73 /* Movie details */,
			);
			path = App;
			sourceTree = "<group>";
		};
		48DBE51220A42CBD00572B73 /* User profile */ = {
			isa = PBXGroup;
			children = (
				F5AB6D1420AC7EFA0084DE49 /* UserProfileViewController.swift */,
			);
			path = "User profile";
			sourceTree = "<group>";
		};
		48DBE51320A42CBD00572B73 /* Movie list */ = {
			isa = PBXGroup;
			children = (
				F555BDB620AAEE43004466D3 /* MovieListViewController.swift */,
			);
			path = "Movie list";
			sourceTree = "<group>";
		};
		48DBE51520A42CBD00572B73 /* Movie search */ = {
			isa = PBXGroup;
			children = (
				F5FD545B20AD6E5800506C50 /* MovieSearchViewController.swift */,
				F551A9FE20C5893900B33756 /* MovieSearchViewControllerDelegate.swift */,
			);
			path = "Movie search";
			sourceTree = "<group>";
		};
		48DBE51620A42CBD00572B73 /* Preparation */ = {
			isa = PBXGroup;
			children = (
				F585701020A47CA600A6E98F /* PreparationViewController.swift */,
			);
			path = Preparation;
			sourceTree = "<group>";
		};
		48DBE51720A42CBD00572B73 /* Movie details */ = {
			isa = PBXGroup;
			children = (
				F5AB6D1220AC78EB0084DE49 /* MovieDetailsViewController.swift */,
			);
			path = "Movie details";
			sourceTree = "<group>";
		};
		48DBE51820A42CBD00572B73 /* Storyboards */ = {
			isa = PBXGroup;
			children = (
				F585701220A47CCB00A6E98F /* Main.storyboard */,
			);
			path = Storyboards;
			sourceTree = "<group>";
		};
		48DBE51920A42CBD00572B73 /* Resources */ = {
			isa = PBXGroup;
			children = (
				48DBE51B20A42CBD00572B73 /* Assets.xcassets */,
				48DBE51A20A42CBD00572B73 /* Other */,
			);
			path = Resources;
			sourceTree = "<group>";
		};
		48DBE51A20A42CBD00572B73 /* Other */ = {
			isa = PBXGroup;
			children = (
				48DBE52620A4349E00572B73 /* movie_ids.txt */,
				48DBE51C20A42CBD00572B73 /* Info.plist */,
			);
			path = Other;
			sourceTree = "<group>";
		};
		48DBE51D20A42CBD00572B73 /* Common */ = {
			isa = PBXGroup;
			children = (
				F514FFD020C6936300982F6B /* Utilities */,
				48DBE51E20A42CBD00572B73 /* UI */,
				48DBE51F20A42CBD00572B73 /* Network */,
				48DBE52020A42CBD00572B73 /* Models */,
				48DBE52120A42CBD00572B73 /* Extensions */,
				48DBE52220A42CBD00572B73 /* Persistence */,
			);
			path = Common;
			sourceTree = "<group>";
		};
		48DBE51E20A42CBD00572B73 /* UI */ = {
			isa = PBXGroup;
			children = (
				F5AB6D0E20AC1A620084DE49 /* MovieCollectionViewCell.swift */,
				F555F12720C2CA77009CA3E6 /* MovieListHeaderView.swift */,
			);
			path = UI;
			sourceTree = "<group>";
		};
		48DBE51F20A42CBD00572B73 /* Network */ = {
			isa = PBXGroup;
			children = (
				48DBE53020A450FF00572B73 /* MovieFetcher.swift */,
				F5AB6D1020AC347C0084DE49 /* MoviePosterFetcher.swift */,
			);
			path = Network;
			sourceTree = "<group>";
		};
		48DBE52020A42CBD00572B73 /* Models */ = {
			isa = PBXGroup;
			children = (
				48DBE53220A4516700572B73 /* Movie.swift */,
				4895F2D720A59BF0003A83AA /* ResponseError.swift */,
				F5337BEB20B30F48004C6E77 /* SavedMovie.swift */,
				F555F12120C2B345009CA3E6 /* GenreMovieGrouping.swift */,
			);
			path = Models;
			sourceTree = "<group>";
		};
		48DBE52120A42CBD00572B73 /* Extensions */ = {
			isa = PBXGroup;
			children = (
				F551A9F820C5639F00B33756 /* EnumCollection.swift */,
				F566D9E520BE8EA200B1D197 /* UIAlertController-Movieator.swift */,
			);
			path = Extensions;
			sourceTree = "<group>";
		};
		48DBE52220A42CBD00572B73 /* Persistence */ = {
			isa = PBXGroup;
			children = (
				F585701820A5E67C00A6E98F /* DataController.swift */,
				F5337BE920B309F3004C6E77 /* SavedMoviesManager.swift */,
			);
			path = Persistence;
			sourceTree = "<group>";
		};
		566B6634227B91881F87DA72 /* Frameworks */ = {
			isa = PBXGroup;
			children = (
				92B7BD7731B349FFE410AA21 /* Pods_Movieator.framework */,
				7B2DDD56E21CD4F6316ACC14 /* Pods_MovieatorTests.framework */,
			);
			name = Frameworks;
			sourceTree = "<group>";
		};
		F514FFD020C6936300982F6B /* Utilities */ = {
			isa = PBXGroup;
			children = (
				F514FFD120C696DC00982F6B /* Movie grouping */,
			);
			path = Utilities;
			sourceTree = "<group>";
		};
		F514FFD120C696DC00982F6B /* Movie grouping */ = {
			isa = PBXGroup;
			children = (
				F555F12320C2B415009CA3E6 /* GenreMovieGroupingManager.swift */,
			);
			path = "Movie grouping";
			sourceTree = "<group>";
		};
/* End PBXGroup section */

/* Begin PBXNativeTarget section */
		48DBE4ED20A42B0E00572B73 /* Movieator */ = {
			isa = PBXNativeTarget;
			buildConfigurationList = 48DBE50B20A42B0F00572B73 /* Build configuration list for PBXNativeTarget "Movieator" */;
			buildPhases = (
				F86B7872459CD0AC33EA2388 /* [CP] Check Pods Manifest.lock */,
				48DBE4EA20A42B0E00572B73 /* Sources */,
				48DBE4EB20A42B0E00572B73 /* Frameworks */,
				48DBE4EC20A42B0E00572B73 /* Resources */,
				4E78553C0E1C5E1C68213A25 /* [CP] Embed Pods Frameworks */,
			);
			buildRules = (
			);
			dependencies = (
			);
			name = Movieator;
			productName = Movieator;
			productReference = 48DBE4EE20A42B0E00572B73 /* Movieator.app */;
			productType = "com.apple.product-type.application";
		};
		48DBE50120A42B0F00572B73 /* MovieatorTests */ = {
			isa = PBXNativeTarget;
			buildConfigurationList = 48DBE50E20A42B0F00572B73 /* Build configuration list for PBXNativeTarget "MovieatorTests" */;
			buildPhases = (
				3AFAE531D911C53BE8890D6E /* [CP] Check Pods Manifest.lock */,
				48DBE4FE20A42B0F00572B73 /* Sources */,
				48DBE4FF20A42B0F00572B73 /* Frameworks */,
				48DBE50020A42B0F00572B73 /* Resources */,
			);
			buildRules = (
			);
			dependencies = (
				48DBE50420A42B0F00572B73 /* PBXTargetDependency */,
			);
			name = MovieatorTests;
			productName = MovieatorTests;
			productReference = 48DBE50220A42B0F00572B73 /* MovieatorTests.xctest */;
			productType = "com.apple.product-type.bundle.unit-test";
		};
/* End PBXNativeTarget section */

/* Begin PBXProject section */
		48DBE4E620A42B0E00572B73 /* Project object */ = {
			isa = PBXProject;
			attributes = {
				LastSwiftUpdateCheck = 0930;
				LastUpgradeCheck = 0930;
				ORGANIZATIONNAME = Codeopolius;
				TargetAttributes = {
					48DBE4ED20A42B0E00572B73 = {
						CreatedOnToolsVersion = 9.3;
					};
					48DBE50120A42B0F00572B73 = {
						CreatedOnToolsVersion = 9.3;
						TestTargetID = 48DBE4ED20A42B0E00572B73;
					};
				};
			};
			buildConfigurationList = 48DBE4E920A42B0E00572B73 /* Build configuration list for PBXProject "Movieator" */;
			compatibilityVersion = "Xcode 9.3";
			developmentRegion = en;
			hasScannedForEncodings = 0;
			knownRegions = (
				en,
			);
			mainGroup = 48DBE4E520A42B0E00572B73;
			productRefGroup = 48DBE4EF20A42B0E00572B73 /* Products */;
			projectDirPath = "";
			projectRoot = "";
			targets = (
				48DBE4ED20A42B0E00572B73 /* Movieator */,
				48DBE50120A42B0F00572B73 /* MovieatorTests */,
			);
		};
/* End PBXProject section */

/* Begin PBXResourcesBuildPhase section */
		48DBE4EC20A42B0E00572B73 /* Resources */ = {
			isa = PBXResourcesBuildPhase;
			buildActionMask = 2147483647;
			files = (
				48DBE52520A42CBD00572B73 /* Info.plist in Resources */,
				48DBE52420A42CBD00572B73 /* Assets.xcassets in Resources */,
				48DBE52720A4349E00572B73 /* movie_ids.txt in Resources */,
				F585701320A47CCB00A6E98F /* Main.storyboard in Resources */,
			);
			runOnlyForDeploymentPostprocessing = 0;
		};
		48DBE50020A42B0F00572B73 /* Resources */ = {
			isa = PBXResourcesBuildPhase;
			buildActionMask = 2147483647;
			files = (
			);
			runOnlyForDeploymentPostprocessing = 0;
		};
/* End PBXResourcesBuildPhase section */

/* Begin PBXShellScriptBuildPhase section */
		3AFAE531D911C53BE8890D6E /* [CP] Check Pods Manifest.lock */ = {
			isa = PBXShellScriptBuildPhase;
			buildActionMask = 2147483647;
			files = (
			);
			inputPaths = (
				"${PODS_PODFILE_DIR_PATH}/Podfile.lock",
				"${PODS_ROOT}/Manifest.lock",
			);
			name = "[CP] Check Pods Manifest.lock";
			outputPaths = (
				"$(DERIVED_FILE_DIR)/Pods-MovieatorTests-checkManifestLockResult.txt",
			);
			runOnlyForDeploymentPostprocessing = 0;
			shellPath = /bin/sh;
			shellScript = "diff \"${PODS_PODFILE_DIR_PATH}/Podfile.lock\" \"${PODS_ROOT}/Manifest.lock\" > /dev/null\nif [ $? != 0 ] ; then\n    # print error to STDERR\n    echo \"error: The sandbox is not in sync with the Podfile.lock. Run 'pod install' or update your CocoaPods installation.\" >&2\n    exit 1\nfi\n# This output is used by Xcode 'outputs' to avoid re-running this script phase.\necho \"SUCCESS\" > \"${SCRIPT_OUTPUT_FILE_0}\"\n";
			showEnvVarsInLog = 0;
		};
		4E78553C0E1C5E1C68213A25 /* [CP] Embed Pods Frameworks */ = {
			isa = PBXShellScriptBuildPhase;
			buildActionMask = 2147483647;
			files = (
			);
			inputPaths = (
				"${SRCROOT}/Pods/Target Support Files/Pods-Movieator/Pods-Movieator-frameworks.sh",
				"${BUILT_PRODUCTS_DIR}/Realm/Realm.framework",
				"${BUILT_PRODUCTS_DIR}/RealmSwift/RealmSwift.framework",
			);
			name = "[CP] Embed Pods Frameworks";
			outputPaths = (
				"${TARGET_BUILD_DIR}/${FRAMEWORKS_FOLDER_PATH}/Realm.framework",
				"${TARGET_BUILD_DIR}/${FRAMEWORKS_FOLDER_PATH}/RealmSwift.framework",
			);
			runOnlyForDeploymentPostprocessing = 0;
			shellPath = /bin/sh;
			shellScript = "\"${SRCROOT}/Pods/Target Support Files/Pods-Movieator/Pods-Movieator-frameworks.sh\"\n";
			showEnvVarsInLog = 0;
		};
		F86B7872459CD0AC33EA2388 /* [CP] Check Pods Manifest.lock */ = {
			isa = PBXShellScriptBuildPhase;
			buildActionMask = 2147483647;
			files = (
			);
			inputPaths = (
				"${PODS_PODFILE_DIR_PATH}/Podfile.lock",
				"${PODS_ROOT}/Manifest.lock",
			);
			name = "[CP] Check Pods Manifest.lock";
			outputPaths = (
				"$(DERIVED_FILE_DIR)/Pods-Movieator-checkManifestLockResult.txt",
			);
			runOnlyForDeploymentPostprocessing = 0;
			shellPath = /bin/sh;
			shellScript = "diff \"${PODS_PODFILE_DIR_PATH}/Podfile.lock\" \"${PODS_ROOT}/Manifest.lock\" > /dev/null\nif [ $? != 0 ] ; then\n    # print error to STDERR\n    echo \"error: The sandbox is not in sync with the Podfile.lock. Run 'pod install' or update your CocoaPods installation.\" >&2\n    exit 1\nfi\n# This output is used by Xcode 'outputs' to avoid re-running this script phase.\necho \"SUCCESS\" > \"${SCRIPT_OUTPUT_FILE_0}\"\n";
			showEnvVarsInLog = 0;
		};
/* End PBXShellScriptBuildPhase section */

/* Begin PBXSourcesBuildPhase section */
		48DBE4EA20A42B0E00572B73 /* Sources */ = {
			isa = PBXSourcesBuildPhase;
			buildActionMask = 2147483647;
			files = (
				F5AB6D1320AC78EB0084DE49 /* MovieDetailsViewController.swift in Sources */,
				48DBE52320A42CBD00572B73 /* AppDelegate.swift in Sources */,
				F585701920A5E67C00A6E98F /* DataController.swift in Sources */,
				48DBE53120A450FF00572B73 /* MovieFetcher.swift in Sources */,
				F555F12820C2CA77009CA3E6 /* MovieListHeaderView.swift in Sources */,
				F5337BEC20B30F48004C6E77 /* SavedMovie.swift in Sources */,
				4895F2D820A59BF0003A83AA /* ResponseError.swift in Sources */,
				F551A9FF20C5893900B33756 /* MovieSearchViewControllerDelegate.swift in Sources */,
				F555BDB720AAEE43004466D3 /* MovieListViewController.swift in Sources */,
				F585701120A47CA600A6E98F /* PreparationViewController.swift in Sources */,
				F5AB6D1120AC347C0084DE49 /* MoviePosterFetcher.swift in Sources */,
				48DBE53320A4516700572B73 /* Movie.swift in Sources */,
				F5AB6D1520AC7EFA0084DE49 /* UserProfileViewController.swift in Sources */,
				F5AB6D0F20AC1A620084DE49 /* MovieCollectionViewCell.swift in Sources */,
				F555F12420C2B415009CA3E6 /* GenreMovieGroupingManager.swift in Sources */,
				F551A9F920C5639F00B33756 /* EnumCollection.swift in Sources */,
				F555F12220C2B345009CA3E6 /* GenreMovieGrouping.swift in Sources */,
				F5FD545C20AD6E5800506C50 /* MovieSearchViewController.swift in Sources */,
				F5337BEA20B309F3004C6E77 /* SavedMoviesManager.swift in Sources */,
				F566D9E620BE8EA200B1D197 /* UIAlertController-Movieator.swift in Sources */,
			);
			runOnlyForDeploymentPostprocessing = 0;
		};
		48DBE4FE20A42B0F00572B73 /* Sources */ = {
			isa = PBXSourcesBuildPhase;
			buildActionMask = 2147483647;
			files = (
				48DBE50720A42B0F00572B73 /* MovieatorTests.swift in Sources */,
			);
			runOnlyForDeploymentPostprocessing = 0;
		};
/* End PBXSourcesBuildPhase section */

/* Begin PBXTargetDependency section */
		48DBE50420A42B0F00572B73 /* PBXTargetDependency */ = {
			isa = PBXTargetDependency;
			target = 48DBE4ED20A42B0E00572B73 /* Movieator */;
			targetProxy = 48DBE50320A42B0F00572B73 /* PBXContainerItemProxy */;
		};
/* End PBXTargetDependency section */

/* Begin XCBuildConfiguration section */
		48DBE50920A42B0F00572B73 /* Debug */ = {
			isa = XCBuildConfiguration;
			buildSettings = {
				ALWAYS_SEARCH_USER_PATHS = NO;
				CLANG_ANALYZER_NONNULL = YES;
				CLANG_ANALYZER_NUMBER_OBJECT_CONVERSION = YES_AGGRESSIVE;
				CLANG_CXX_LANGUAGE_STANDARD = "gnu++14";
				CLANG_CXX_LIBRARY = "libc++";
				CLANG_ENABLE_MODULES = YES;
				CLANG_ENABLE_OBJC_ARC = YES;
				CLANG_ENABLE_OBJC_WEAK = YES;
				CLANG_WARN_BLOCK_CAPTURE_AUTORELEASING = YES;
				CLANG_WARN_BOOL_CONVERSION = YES;
				CLANG_WARN_COMMA = YES;
				CLANG_WARN_CONSTANT_CONVERSION = YES;
				CLANG_WARN_DEPRECATED_OBJC_IMPLEMENTATIONS = YES;
				CLANG_WARN_DIRECT_OBJC_ISA_USAGE = YES_ERROR;
				CLANG_WARN_DOCUMENTATION_COMMENTS = YES;
				CLANG_WARN_EMPTY_BODY = YES;
				CLANG_WARN_ENUM_CONVERSION = YES;
				CLANG_WARN_INFINITE_RECURSION = YES;
				CLANG_WARN_INT_CONVERSION = YES;
				CLANG_WARN_NON_LITERAL_NULL_CONVERSION = YES;
				CLANG_WARN_OBJC_IMPLICIT_RETAIN_SELF = YES;
				CLANG_WARN_OBJC_LITERAL_CONVERSION = YES;
				CLANG_WARN_OBJC_ROOT_CLASS = YES_ERROR;
				CLANG_WARN_RANGE_LOOP_ANALYSIS = YES;
				CLANG_WARN_STRICT_PROTOTYPES = YES;
				CLANG_WARN_SUSPICIOUS_MOVE = YES;
				CLANG_WARN_UNGUARDED_AVAILABILITY = YES_AGGRESSIVE;
				CLANG_WARN_UNREACHABLE_CODE = YES;
				CLANG_WARN__DUPLICATE_METHOD_MATCH = YES;
				CODE_SIGN_IDENTITY = "iPhone Developer";
				COPY_PHASE_STRIP = NO;
				DEBUG_INFORMATION_FORMAT = dwarf;
				ENABLE_STRICT_OBJC_MSGSEND = YES;
				ENABLE_TESTABILITY = YES;
				GCC_C_LANGUAGE_STANDARD = gnu11;
				GCC_DYNAMIC_NO_PIC = NO;
				GCC_NO_COMMON_BLOCKS = YES;
				GCC_OPTIMIZATION_LEVEL = 0;
				GCC_PREPROCESSOR_DEFINITIONS = (
					"DEBUG=1",
					"$(inherited)",
				);
				GCC_WARN_64_TO_32_BIT_CONVERSION = YES;
				GCC_WARN_ABOUT_RETURN_TYPE = YES_ERROR;
				GCC_WARN_UNDECLARED_SELECTOR = YES;
				GCC_WARN_UNINITIALIZED_AUTOS = YES_AGGRESSIVE;
				GCC_WARN_UNUSED_FUNCTION = YES;
				GCC_WARN_UNUSED_VARIABLE = YES;
				IPHONEOS_DEPLOYMENT_TARGET = 11.3;
				MTL_ENABLE_DEBUG_INFO = YES;
				ONLY_ACTIVE_ARCH = YES;
				SDKROOT = iphoneos;
				SWIFT_ACTIVE_COMPILATION_CONDITIONS = DEBUG;
				SWIFT_OPTIMIZATION_LEVEL = "-Onone";
			};
			name = Debug;
		};
		48DBE50A20A42B0F00572B73 /* Release */ = {
			isa = XCBuildConfiguration;
			buildSettings = {
				ALWAYS_SEARCH_USER_PATHS = NO;
				CLANG_ANALYZER_NONNULL = YES;
				CLANG_ANALYZER_NUMBER_OBJECT_CONVERSION = YES_AGGRESSIVE;
				CLANG_CXX_LANGUAGE_STANDARD = "gnu++14";
				CLANG_CXX_LIBRARY = "libc++";
				CLANG_ENABLE_MODULES = YES;
				CLANG_ENABLE_OBJC_ARC = YES;
				CLANG_ENABLE_OBJC_WEAK = YES;
				CLANG_WARN_BLOCK_CAPTURE_AUTORELEASING = YES;
				CLANG_WARN_BOOL_CONVERSION = YES;
				CLANG_WARN_COMMA = YES;
				CLANG_WARN_CONSTANT_CONVERSION = YES;
				CLANG_WARN_DEPRECATED_OBJC_IMPLEMENTATIONS = YES;
				CLANG_WARN_DIRECT_OBJC_ISA_USAGE = YES_ERROR;
				CLANG_WARN_DOCUMENTATION_COMMENTS = YES;
				CLANG_WARN_EMPTY_BODY = YES;
				CLANG_WARN_ENUM_CONVERSION = YES;
				CLANG_WARN_INFINITE_RECURSION = YES;
				CLANG_WARN_INT_CONVERSION = YES;
				CLANG_WARN_NON_LITERAL_NULL_CONVERSION = YES;
				CLANG_WARN_OBJC_IMPLICIT_RETAIN_SELF = YES;
				CLANG_WARN_OBJC_LITERAL_CONVERSION = YES;
				CLANG_WARN_OBJC_ROOT_CLASS = YES_ERROR;
				CLANG_WARN_RANGE_LOOP_ANALYSIS = YES;
				CLANG_WARN_STRICT_PROTOTYPES = YES;
				CLANG_WARN_SUSPICIOUS_MOVE = YES;
				CLANG_WARN_UNGUARDED_AVAILABILITY = YES_AGGRESSIVE;
				CLANG_WARN_UNREACHABLE_CODE = YES;
				CLANG_WARN__DUPLICATE_METHOD_MATCH = YES;
				CODE_SIGN_IDENTITY = "iPhone Developer";
				COPY_PHASE_STRIP = NO;
				DEBUG_INFORMATION_FORMAT = "dwarf-with-dsym";
				ENABLE_NS_ASSERTIONS = NO;
				ENABLE_STRICT_OBJC_MSGSEND = YES;
				GCC_C_LANGUAGE_STANDARD = gnu11;
				GCC_NO_COMMON_BLOCKS = YES;
				GCC_WARN_64_TO_32_BIT_CONVERSION = YES;
				GCC_WARN_ABOUT_RETURN_TYPE = YES_ERROR;
				GCC_WARN_UNDECLARED_SELECTOR = YES;
				GCC_WARN_UNINITIALIZED_AUTOS = YES_AGGRESSIVE;
				GCC_WARN_UNUSED_FUNCTION = YES;
				GCC_WARN_UNUSED_VARIABLE = YES;
				IPHONEOS_DEPLOYMENT_TARGET = 11.3;
				MTL_ENABLE_DEBUG_INFO = NO;
				SDKROOT = iphoneos;
				SWIFT_COMPILATION_MODE = wholemodule;
				SWIFT_OPTIMIZATION_LEVEL = "-O";
				VALIDATE_PRODUCT = YES;
			};
			name = Release;
		};
		48DBE50C20A42B0F00572B73 /* Debug */ = {
			isa = XCBuildConfiguration;
			baseConfigurationReference = C1EC2AED1CFB4F13C4D2D22E /* Pods-Movieator.debug.xcconfig */;
			buildSettings = {
				ASSETCATALOG_COMPILER_APPICON_NAME = AppIcon;
				CODE_SIGN_STYLE = Automatic;
				INFOPLIST_FILE = "$(SRCROOT)/Movieator/Resources/Other/Info.plist";
				LD_RUNPATH_SEARCH_PATHS = (
					"$(inherited)",
					"@executable_path/Frameworks",
				);
				PRODUCT_BUNDLE_IDENTIFIER = com.codeopolis.Movieator;
				PRODUCT_NAME = "$(TARGET_NAME)";
				SWIFT_VERSION = 4.0;
				TARGETED_DEVICE_FAMILY = "1,2";
			};
			name = Debug;
		};
		48DBE50D20A42B0F00572B73 /* Release */ = {
			isa = XCBuildConfiguration;
			baseConfigurationReference = 27376F7B448E291718A6AECC /* Pods-Movieator.release.xcconfig */;
			buildSettings = {
				ASSETCATALOG_COMPILER_APPICON_NAME = AppIcon;
				CODE_SIGN_STYLE = Automatic;
				INFOPLIST_FILE = "$(SRCROOT)/Movieator/Resources/Other/Info.plist";
				LD_RUNPATH_SEARCH_PATHS = (
					"$(inherited)",
					"@executable_path/Frameworks",
				);
				PRODUCT_BUNDLE_IDENTIFIER = com.codeopolis.Movieator;
				PRODUCT_NAME = "$(TARGET_NAME)";
				SWIFT_VERSION = 4.0;
				TARGETED_DEVICE_FAMILY = "1,2";
			};
			name = Release;
		};
		48DBE50F20A42B0F00572B73 /* Debug */ = {
			isa = XCBuildConfiguration;
			baseConfigurationReference = F5F9105AF06E74B8539CA626 /* Pods-MovieatorTests.debug.xcconfig */;
			buildSettings = {
				ALWAYS_EMBED_SWIFT_STANDARD_LIBRARIES = YES;
				BUNDLE_LOADER = "$(TEST_HOST)";
				CODE_SIGN_STYLE = Automatic;
				INFOPLIST_FILE = MovieatorTests/Info.plist;
				LD_RUNPATH_SEARCH_PATHS = (
					"$(inherited)",
					"@executable_path/Frameworks",
					"@loader_path/Frameworks",
				);
				PRODUCT_BUNDLE_IDENTIFIER = com.codeopolis.MovieatorTests;
				PRODUCT_NAME = "$(TARGET_NAME)";
				SWIFT_VERSION = 4.0;
				TARGETED_DEVICE_FAMILY = "1,2";
				TEST_HOST = "$(BUILT_PRODUCTS_DIR)/Movieator.app/Movieator";
			};
			name = Debug;
		};
		48DBE51020A42B0F00572B73 /* Release */ = {
			isa = XCBuildConfiguration;
			baseConfigurationReference = 985F4ED202B1C0C630D83045 /* Pods-MovieatorTests.release.xcconfig */;
			buildSettings = {
				ALWAYS_EMBED_SWIFT_STANDARD_LIBRARIES = YES;
				BUNDLE_LOADER = "$(TEST_HOST)";
				CODE_SIGN_STYLE = Automatic;
				INFOPLIST_FILE = MovieatorTests/Info.plist;
				LD_RUNPATH_SEARCH_PATHS = (
					"$(inherited)",
					"@executable_path/Frameworks",
					"@loader_path/Frameworks",
				);
				PRODUCT_BUNDLE_IDENTIFIER = com.codeopolis.MovieatorTests;
				PRODUCT_NAME = "$(TARGET_NAME)";
				SWIFT_VERSION = 4.0;
				TARGETED_DEVICE_FAMILY = "1,2";
				TEST_HOST = "$(BUILT_PRODUCTS_DIR)/Movieator.app/Movieator";
			};
			name = Release;
		};
/* End XCBuildConfiguration section */

/* Begin XCConfigurationList section */
		48DBE4E920A42B0E00572B73 /* Build configuration list for PBXProject "Movieator" */ = {
			isa = XCConfigurationList;
			buildConfigurations = (
				48DBE50920A42B0F00572B73 /* Debug */,
				48DBE50A20A42B0F00572B73 /* Release */,
			);
			defaultConfigurationIsVisible = 0;
			defaultConfigurationName = Release;
		};
		48DBE50B20A42B0F00572B73 /* Build configuration list for PBXNativeTarget "Movieator" */ = {
			isa = XCConfigurationList;
			buildConfigurations = (
				48DBE50C20A42B0F00572B73 /* Debug */,
				48DBE50D20A42B0F00572B73 /* Release */,
			);
			defaultConfigurationIsVisible = 0;
			defaultConfigurationName = Release;
		};
		48DBE50E20A42B0F00572B73 /* Build configuration list for PBXNativeTarget "MovieatorTests" */ = {
			isa = XCConfigurationList;
			buildConfigurations = (
				48DBE50F20A42B0F00572B73 /* Debug */,
				48DBE51020A42B0F00572B73 /* Release */,
			);
			defaultConfigurationIsVisible = 0;
			defaultConfigurationName = Release;
		};
/* End XCConfigurationList section */
	};
	rootObject = 48DBE4E620A42B0E00572B73 /* Project object */;
}
